
Microsoft Visual Studio Solution File, Format Version 12.00
# Visual Studio Version 17
VisualStudioVersion = 17.0.31903.59
MinimumVisualStudioVersion = 10.0.40219.1
Project("{2150E333-8FDC-42A3-9474-1A3956D46DE8}") = "test", "test", "{42069B63-F82A-44FD-BB42-8F14B6F66226}"
EndProject
Project("{FAE04EC0-301F-11D3-BF4B-00C04F79EFBC}") = "FluxoDeCaixaAPI.Test", "test\FluxoDeCaixaAPI.Test\FluxoDeCaixaAPI.Test.csproj", "{502E5C17-64C5-41F7-9E08-AE646EB8864C}"
EndProject
Project("{2150E333-8FDC-42A3-9474-1A3956D46DE8}") = "src", "src", "{78CB73F1-B316-40CB-85F0-5BDAFDC5E7D9}"
EndProject
Project("{FAE04EC0-301F-11D3-BF4B-00C04F79EFBC}") = "FluxoDeCaixaAPI", "src\FluxoDeCaixaAPI\FluxoDeCaixaAPI.csproj", "{3F46F01B-42F4-4F6A-8733-8DDA28D5CFCC}"
EndProject
Global
	GlobalSection(SolutionConfigurationPlatforms) = preSolution
		Debug|Any CPU = Debug|Any CPU
		Release|Any CPU = Release|Any CPU
	EndGlobalSection
	GlobalSection(SolutionProperties) = preSolution
		HideSolutionNode = FALSE
	EndGlobalSection
	GlobalSection(ProjectConfigurationPlatforms) = postSolution
		{502E5C17-64C5-41F7-9E08-AE646EB8864C}.Debug|Any CPU.ActiveCfg = Debug|Any CPU
		{502E5C17-64C5-41F7-9E08-AE646EB8864C}.Debug|Any CPU.Build.0 = Debug|Any CPU
		{502E5C17-64C5-41F7-9E08-AE646EB8864C}.Release|Any CPU.ActiveCfg = Release|Any CPU
		{502E5C17-64C5-41F7-9E08-AE646EB8864C}.Release|Any CPU.Build.0 = Release|Any CPU
		{3F46F01B-42F4-4F6A-8733-8DDA28D5CFCC}.Debug|Any CPU.ActiveCfg = Debug|Any CPU
		{3F46F01B-42F4-4F6A-8733-8DDA28D5CFCC}.Debug|Any CPU.Build.0 = Debug|Any CPU
		{3F46F01B-42F4-4F6A-8733-8DDA28D5CFCC}.Release|Any CPU.ActiveCfg = Release|Any CPU
		{3F46F01B-42F4-4F6A-8733-8DDA28D5CFCC}.Release|Any CPU.Build.0 = Release|Any CPU
	EndGlobalSection
	GlobalSection(NestedProjects) = preSolution
		{502E5C17-64C5-41F7-9E08-AE646EB8864C} = {42069B63-F82A-44FD-BB42-8F14B6F66226}
		{3F46F01B-42F4-4F6A-8733-8DDA28D5CFCC} = {78CB73F1-B316-40CB-85F0-5BDAFDC5E7D9}
	EndGlobalSection
EndGlobal
